
Microsoft Visual Studio Solution File, Format Version 12.00
# Visual Studio Version 16
VisualStudioVersion = 16.0.29306.81
MinimumVisualStudioVersion = 10.0.40219.1
Project("{8BC9CEB8-8B4A-11D0-8D11-00A0C91BC942}") = "Lab 3", "Lab 3.vcxproj", "{552AF22D-1132-47C4-AFFA-E65ED383A3D7}"
EndProject
Global
	GlobalSection(SolutionConfigurationPlatforms) = preSolution
		Debug|x64 = Debug|x64
		Debug|x86 = Debug|x86
		Release|x64 = Release|x64
		Release|x86 = Release|x86
	EndGlobalSection
	GlobalSection(ProjectConfigurationPlatforms) = postSolution
		{552AF22D-1132-47C4-AFFA-E65ED383A3D7}.Debug|x64.ActiveCfg = Debug|x64
		{552AF22D-1132-47C4-AFFA-E65ED383A3D7}.Debug|x64.Build.0 = Debug|x64
		{552AF22D-1132-47C4-AFFA-E65ED383A3D7}.Debug|x86.ActiveCfg = Debug|Win32
		{552AF22D-1132-47C4-AFFA-E65ED383A3D7}.Debug|x86.Build.0 = Debug|Win32
		{552AF22D-1132-47C4-AFFA-E65ED383A3D7}.Release|x64.ActiveCfg = Release|x64
		{552AF22D-1132-47C4-AFFA-E65ED383A3D7}.Release|x64.Build.0 = Release|x64
		{552AF22D-1132-47C4-AFFA-E65ED383A3D7}.Release|x86.ActiveCfg = Release|Win32
		{552AF22D-1132-47C4-AFFA-E65ED383A3D7}.Release|x86.Build.0 = Release|Win32
	EndGlobalSection
	GlobalSection(SolutionProperties) = preSolution
		HideSolutionNode = FALSE
	EndGlobalSection
	GlobalSection(ExtensibilityGlobals) = postSolution
		SolutionGuid = {28856641-4786-41C1-AB89-403A461637FA}
	EndGlobalSection
EndGlobal
